
Microsoft Visual Studio Solution File, Format Version 12.00
# Visual Studio Version 17
VisualStudioVersion = 17.5.33516.290
MinimumVisualStudioVersion = 10.0.40219.1
Project("{9A19103F-16F7-4668-BE54-9A1E7A4F7556}") = "LassoProcessManager", "ProcessManager\LassoProcessManager.csproj", "{A0D363C6-3DFA-4DD7-BFD5-64ABBA502DFC}"
EndProject
Global
	GlobalSection(SolutionConfigurationPlatforms) = preSolution
		Debug|Any CPU = Debug|Any CPU
		Release|Any CPU = Release|Any CPU
	EndGlobalSection
	GlobalSection(ProjectConfigurationPlatforms) = postSolution
		{A0D363C6-3DFA-4DD7-BFD5-64ABBA502DFC}.Debug|Any CPU.ActiveCfg = Debug|Any CPU
		{A0D363C6-3DFA-4DD7-BFD5-64ABBA502DFC}.Debug|Any CPU.Build.0 = Debug|Any CPU
		{A0D363C6-3DFA-4DD7-BFD5-64ABBA502DFC}.Release|Any CPU.ActiveCfg = Release|Any CPU
		{A0D363C6-3DFA-4DD7-BFD5-64ABBA502DFC}.Release|Any CPU.Build.0 = Release|Any CPU
	EndGlobalSection
	GlobalSection(SolutionProperties) = preSolution
		HideSolutionNode = FALSE
	EndGlobalSection
	GlobalSection(ExtensibilityGlobals) = postSolution
		SolutionGuid = {841C19C6-E314-449E-AEF3-874D559302DD}
	EndGlobalSection
EndGlobal
